
Microsoft Visual Studio Solution File, Format Version 12.00
# Visual Studio 15
VisualStudioVersion = 15.0.26124.0
MinimumVisualStudioVersion = 15.0.26124.0
Project("{FAE04EC0-301F-11D3-BF4B-00C04F79EFBC}") = "SOLID.DIP", "SOLID.DIP\SOLID.DIP.csproj", "{5C6F2DB3-D662-4C1F-B6A7-5B743CBDC08E}"
EndProject
Project("{FAE04EC0-301F-11D3-BF4B-00C04F79EFBC}") = "SOLID.ISP", "SOLID.ISP\SOLID.ISP.csproj", "{96DC0DA8-BAE9-4B89-B281-B9B714C34BE8}"
EndProject
Project("{FAE04EC0-301F-11D3-BF4B-00C04F79EFBC}") = "SOLID.LSP", "SOLID.LSP\SOLID.LSP.csproj", "{57736947-0D35-4513-842F-4BFA2C51FB31}"
EndProject
Project("{FAE04EC0-301F-11D3-BF4B-00C04F79EFBC}") = "SOLID.OCP", "SOLID.OCP\SOLID.OCP.csproj", "{8655F719-0E94-4E4E-A009-36C981E58A42}"
EndProject
Project("{FAE04EC0-301F-11D3-BF4B-00C04F79EFBC}") = "SOLID.SRP", "SOLID.SRP\SOLID.SRP.csproj", "{F44C7414-97E7-4F71-B829-307B786E0B02}"
EndProject
Project("{FAE04EC0-301F-11D3-BF4B-00C04F79EFBC}") = "Tests", "Tests\Tests.csproj", "{29E41827-2E1A-4FC8-940B-A6F2DA5301A1}"
EndProject
Global
	GlobalSection(SolutionConfigurationPlatforms) = preSolution
		Debug|Any CPU = Debug|Any CPU
		Debug|x64 = Debug|x64
		Debug|x86 = Debug|x86
		Release|Any CPU = Release|Any CPU
		Release|x64 = Release|x64
		Release|x86 = Release|x86
	EndGlobalSection
	GlobalSection(SolutionProperties) = preSolution
		HideSolutionNode = FALSE
	EndGlobalSection
	GlobalSection(ProjectConfigurationPlatforms) = postSolution
		{5C6F2DB3-D662-4C1F-B6A7-5B743CBDC08E}.Debug|Any CPU.ActiveCfg = Debug|Any CPU
		{5C6F2DB3-D662-4C1F-B6A7-5B743CBDC08E}.Debug|Any CPU.Build.0 = Debug|Any CPU
		{5C6F2DB3-D662-4C1F-B6A7-5B743CBDC08E}.Debug|x64.ActiveCfg = Debug|Any CPU
		{5C6F2DB3-D662-4C1F-B6A7-5B743CBDC08E}.Debug|x64.Build.0 = Debug|Any CPU
		{5C6F2DB3-D662-4C1F-B6A7-5B743CBDC08E}.Debug|x86.ActiveCfg = Debug|Any CPU
		{5C6F2DB3-D662-4C1F-B6A7-5B743CBDC08E}.Debug|x86.Build.0 = Debug|Any CPU
		{5C6F2DB3-D662-4C1F-B6A7-5B743CBDC08E}.Release|Any CPU.ActiveCfg = Release|Any CPU
		{5C6F2DB3-D662-4C1F-B6A7-5B743CBDC08E}.Release|Any CPU.Build.0 = Release|Any CPU
		{5C6F2DB3-D662-4C1F-B6A7-5B743CBDC08E}.Release|x64.ActiveCfg = Release|Any CPU
		{5C6F2DB3-D662-4C1F-B6A7-5B743CBDC08E}.Release|x64.Build.0 = Release|Any CPU
		{5C6F2DB3-D662-4C1F-B6A7-5B743CBDC08E}.Release|x86.ActiveCfg = Release|Any CPU
		{5C6F2DB3-D662-4C1F-B6A7-5B743CBDC08E}.Release|x86.Build.0 = Release|Any CPU
		{96DC0DA8-BAE9-4B89-B281-B9B714C34BE8}.Debug|Any CPU.ActiveCfg = Debug|Any CPU
		{96DC0DA8-BAE9-4B89-B281-B9B714C34BE8}.Debug|Any CPU.Build.0 = Debug|Any CPU
		{96DC0DA8-BAE9-4B89-B281-B9B714C34BE8}.Debug|x64.ActiveCfg = Debug|Any CPU
		{96DC0DA8-BAE9-4B89-B281-B9B714C34BE8}.Debug|x64.Build.0 = Debug|Any CPU
		{96DC0DA8-BAE9-4B89-B281-B9B714C34BE8}.Debug|x86.ActiveCfg = Debug|Any CPU
		{96DC0DA8-BAE9-4B89-B281-B9B714C34BE8}.Debug|x86.Build.0 = Debug|Any CPU
		{96DC0DA8-BAE9-4B89-B281-B9B714C34BE8}.Release|Any CPU.ActiveCfg = Release|Any CPU
		{96DC0DA8-BAE9-4B89-B281-B9B714C34BE8}.Release|Any CPU.Build.0 = Release|Any CPU
		{96DC0DA8-BAE9-4B89-B281-B9B714C34BE8}.Release|x64.ActiveCfg = Release|Any CPU
		{96DC0DA8-BAE9-4B89-B281-B9B714C34BE8}.Release|x64.Build.0 = Release|Any CPU
		{96DC0DA8-BAE9-4B89-B281-B9B714C34BE8}.Release|x86.ActiveCfg = Release|Any CPU
		{96DC0DA8-BAE9-4B89-B281-B9B714C34BE8}.Release|x86.Build.0 = Release|Any CPU
		{57736947-0D35-4513-842F-4BFA2C51FB31}.Debug|Any CPU.ActiveCfg = Debug|Any CPU
		{57736947-0D35-4513-842F-4BFA2C51FB31}.Debug|Any CPU.Build.0 = Debug|Any CPU
		{57736947-0D35-4513-842F-4BFA2C51FB31}.Debug|x64.ActiveCfg = Debug|Any CPU
		{57736947-0D35-4513-842F-4BFA2C51FB31}.Debug|x64.Build.0 = Debug|Any CPU
		{57736947-0D35-4513-842F-4BFA2C51FB31}.Debug|x86.ActiveCfg = Debug|Any CPU
		{57736947-0D35-4513-842F-4BFA2C51FB31}.Debug|x86.Build.0 = Debug|Any CPU
		{57736947-0D35-4513-842F-4BFA2C51FB31}.Release|Any CPU.ActiveCfg = Release|Any CPU
		{57736947-0D35-4513-842F-4BFA2C51FB31}.Release|Any CPU.Build.0 = Release|Any CPU
		{57736947-0D35-4513-842F-4BFA2C51FB31}.Release|x64.ActiveCfg = Release|Any CPU
		{57736947-0D35-4513-842F-4BFA2C51FB31}.Release|x64.Build.0 = Release|Any CPU
		{57736947-0D35-4513-842F-4BFA2C51FB31}.Release|x86.ActiveCfg = Release|Any CPU
		{57736947-0D35-4513-842F-4BFA2C51FB31}.Release|x86.Build.0 = Release|Any CPU
		{8655F719-0E94-4E4E-A009-36C981E58A42}.Debug|Any CPU.ActiveCfg = Debug|Any CPU
		{8655F719-0E94-4E4E-A009-36C981E58A42}.Debug|Any CPU.Build.0 = Debug|Any CPU
		{8655F719-0E94-4E4E-A009-36C981E58A42}.Debug|x64.ActiveCfg = Debug|Any CPU
		{8655F719-0E94-4E4E-A009-36C981E58A42}.Debug|x64.Build.0 = Debug|Any CPU
		{8655F719-0E94-4E4E-A009-36C981E58A42}.Debug|x86.ActiveCfg = Debug|Any CPU
		{8655F719-0E94-4E4E-A009-36C981E58A42}.Debug|x86.Build.0 = Debug|Any CPU
		{8655F719-0E94-4E4E-A009-36C981E58A42}.Release|Any CPU.ActiveCfg = Release|Any CPU
		{8655F719-0E94-4E4E-A009-36C981E58A42}.Release|Any CPU.Build.0 = Release|Any CPU
		{8655F719-0E94-4E4E-A009-36C981E58A42}.Release|x64.ActiveCfg = Release|Any CPU
		{8655F719-0E94-4E4E-A009-36C981E58A42}.Release|x64.Build.0 = Release|Any CPU
		{8655F719-0E94-4E4E-A009-36C981E58A42}.Release|x86.ActiveCfg = Release|Any CPU
		{8655F719-0E94-4E4E-A009-36C981E58A42}.Release|x86.Build.0 = Release|Any CPU
		{F44C7414-97E7-4F71-B829-307B786E0B02}.Debug|Any CPU.ActiveCfg = Debug|Any CPU
		{F44C7414-97E7-4F71-B829-307B786E0B02}.Debug|Any CPU.Build.0 = Debug|Any CPU
		{F44C7414-97E7-4F71-B829-307B786E0B02}.Debug|x64.ActiveCfg = Debug|Any CPU
		{F44C7414-97E7-4F71-B829-307B786E0B02}.Debug|x64.Build.0 = Debug|Any CPU
		{F44C7414-97E7-4F71-B829-307B786E0B02}.Debug|x86.ActiveCfg = Debug|Any CPU
		{F44C7414-97E7-4F71-B829-307B786E0B02}.Debug|x86.Build.0 = Debug|Any CPU
		{F44C7414-97E7-4F71-B829-307B786E0B02}.Release|Any CPU.ActiveCfg = Release|Any CPU
		{F44C7414-97E7-4F71-B829-307B786E0B02}.Release|Any CPU.Build.0 = Release|Any CPU
		{F44C7414-97E7-4F71-B829-307B786E0B02}.Release|x64.ActiveCfg = Release|Any CPU
		{F44C7414-97E7-4F71-B829-307B786E0B02}.Release|x64.Build.0 = Release|Any CPU
		{F44C7414-97E7-4F71-B829-307B786E0B02}.Release|x86.ActiveCfg = Release|Any CPU
		{F44C7414-97E7-4F71-B829-307B786E0B02}.Release|x86.Build.0 = Release|Any CPU
		{29E41827-2E1A-4FC8-940B-A6F2DA5301A1}.Debug|Any CPU.ActiveCfg = Debug|Any CPU
		{29E41827-2E1A-4FC8-940B-A6F2DA5301A1}.Debug|Any CPU.Build.0 = Debug|Any CPU
		{29E41827-2E1A-4FC8-940B-A6F2DA5301A1}.Debug|x64.ActiveCfg = Debug|Any CPU
		{29E41827-2E1A-4FC8-940B-A6F2DA5301A1}.Debug|x64.Build.0 = Debug|Any CPU
		{29E41827-2E1A-4FC8-940B-A6F2DA5301A1}.Debug|x86.ActiveCfg = Debug|Any CPU
		{29E41827-2E1A-4FC8-940B-A6F2DA5301A1}.Debug|x86.Build.0 = Debug|Any CPU
		{29E41827-2E1A-4FC8-940B-A6F2DA5301A1}.Release|Any CPU.ActiveCfg = Release|Any CPU
		{29E41827-2E1A-4FC8-940B-A6F2DA5301A1}.Release|Any CPU.Build.0 = Release|Any CPU
		{29E41827-2E1A-4FC8-940B-A6F2DA5301A1}.Release|x64.ActiveCfg = Release|Any CPU
		{29E41827-2E1A-4FC8-940B-A6F2DA5301A1}.Release|x64.Build.0 = Release|Any CPU
		{29E41827-2E1A-4FC8-940B-A6F2DA5301A1}.Release|x86.ActiveCfg = Release|Any CPU
		{29E41827-2E1A-4FC8-940B-A6F2DA5301A1}.Release|x86.Build.0 = Release|Any CPU
	EndGlobalSection
EndGlobal
